
Microsoft Visual Studio Solution File, Format Version 12.00
# Visual Studio Version 16
VisualStudioVersion = 16.0.30011.22
MinimumVisualStudioVersion = 10.0.40219.1
Project("{FAE04EC0-301F-11D3-BF4B-00C04F79EFBC}") = "SSAApp.UWP", "SSAApp\SSAApp.UWP\SSAApp.UWP.csproj", "{90F571B9-CF70-46B0-A8B1-400AD17106CB}"
EndProject
Project("{FAE04EC0-301F-11D3-BF4B-00C04F79EFBC}") = "SSAApp.Android", "SSAApp\SSAApp.Android\SSAApp.Android.csproj", "{2C16852E-6FAD-42D6-B80F-9F0CC643B708}"
EndProject
Project("{FAE04EC0-301F-11D3-BF4B-00C04F79EFBC}") = "SSAApp.iOS", "SSAApp\SSAApp.iOS\SSAApp.iOS.csproj", "{973ABC97-A628-4980-BC0E-9CFB24AEA6F1}"
EndProject
Project("{9A19103F-16F7-4668-BE54-9A1E7A4F7556}") = "SSAApp.Web", "SSAApp\SSAApp.Web\SSAApp.Web.csproj", "{9E43811D-8BCE-4C5A-9F0B-DB9829BE386C}"
EndProject
Project("{9A19103F-16F7-4668-BE54-9A1E7A4F7556}") = "SSAApp", "SSAApp\SSAApp\SSAApp.csproj", "{8909A7C9-4ECC-4B00-9232-568B81292079}"
EndProject
Project("{9A19103F-16F7-4668-BE54-9A1E7A4F7556}") = "SSAApp.Web.Domain", "SSAApp.Web.Domain\SSAApp.Web.Domain.csproj", "{35EEFC6E-6AC8-421D-AB82-3B61FF9E58A6}"
EndProject
Project("{9A19103F-16F7-4668-BE54-9A1E7A4F7556}") = "SSAApp.Web.UnitTests", "SSAApp.Web.UnitTests\SSAApp.Web.UnitTests.csproj", "{E7AAD890-14BF-490E-8538-AAEBAC68FAD8}"
EndProject
Project("{9A19103F-16F7-4668-BE54-9A1E7A4F7556}") = "SSAApp.Web.Domain.Core", "SSAApp.Web.Domain.Core\SSAApp.Web.Domain.Core.csproj", "{4397DFBF-B495-44BD-BC3A-052A682052ED}"
EndProject
Project("{9A19103F-16F7-4668-BE54-9A1E7A4F7556}") = "SSAApp.Web.Domain.Entities", "SSAApp.Web.Domain.Entities\SSAApp.Web.Domain.Entities.csproj", "{D26D9A6F-851F-49B4-9B6D-0F491967FB6D}"
EndProject
Project("{9A19103F-16F7-4668-BE54-9A1E7A4F7556}") = "SSAApp.Web.Infraestructure", "SSAApp.Web.Infraestructure\SSAApp.Web.Infraestructure.csproj", "{F66E2D9C-5627-425F-AB7E-64D399AECBD6}"
EndProject
Project("{2150E333-8FDC-42A3-9474-1A3956D46DE8}") = "API", "API", "{156035A8-71BF-40AD-B624-3864608A6B25}"
EndProject
Project("{2150E333-8FDC-42A3-9474-1A3956D46DE8}") = "APP", "APP", "{291647BB-1A71-4C52-915D-AC69A2746A64}"
EndProject
Project("{FAE04EC0-301F-11D3-BF4B-00C04F79EFBC}") = "SSAApp.Web.Services", "SSApp.Web.Services\SSAApp.Web.Services.csproj", "{F58A6E5E-BC9A-4D28-BCCC-2A1681CE81F2}"
EndProject
Global
	GlobalSection(SolutionConfigurationPlatforms) = preSolution
		Debug|Any CPU = Debug|Any CPU
		Debug|ARM = Debug|ARM
		Debug|iPhone = Debug|iPhone
		Debug|iPhoneSimulator = Debug|iPhoneSimulator
		Debug|x64 = Debug|x64
		Debug|x86 = Debug|x86
		Release|Any CPU = Release|Any CPU
		Release|ARM = Release|ARM
		Release|iPhone = Release|iPhone
		Release|iPhoneSimulator = Release|iPhoneSimulator
		Release|x64 = Release|x64
		Release|x86 = Release|x86
	EndGlobalSection
	GlobalSection(ProjectConfigurationPlatforms) = postSolution
		{90F571B9-CF70-46B0-A8B1-400AD17106CB}.Debug|Any CPU.ActiveCfg = Debug|x86
		{90F571B9-CF70-46B0-A8B1-400AD17106CB}.Debug|ARM.ActiveCfg = Debug|ARM
		{90F571B9-CF70-46B0-A8B1-400AD17106CB}.Debug|ARM.Build.0 = Debug|ARM
		{90F571B9-CF70-46B0-A8B1-400AD17106CB}.Debug|ARM.Deploy.0 = Debug|ARM
		{90F571B9-CF70-46B0-A8B1-400AD17106CB}.Debug|iPhone.ActiveCfg = Debug|x86
		{90F571B9-CF70-46B0-A8B1-400AD17106CB}.Debug|iPhoneSimulator.ActiveCfg = Debug|x86
		{90F571B9-CF70-46B0-A8B1-400AD17106CB}.Debug|x64.ActiveCfg = Debug|x64
		{90F571B9-CF70-46B0-A8B1-400AD17106CB}.Debug|x64.Build.0 = Debug|x64
		{90F571B9-CF70-46B0-A8B1-400AD17106CB}.Debug|x64.Deploy.0 = Debug|x64
		{90F571B9-CF70-46B0-A8B1-400AD17106CB}.Debug|x86.ActiveCfg = Debug|x86
		{90F571B9-CF70-46B0-A8B1-400AD17106CB}.Debug|x86.Build.0 = Debug|x86
		{90F571B9-CF70-46B0-A8B1-400AD17106CB}.Debug|x86.Deploy.0 = Debug|x86
		{90F571B9-CF70-46B0-A8B1-400AD17106CB}.Release|Any CPU.ActiveCfg = Release|x86
		{90F571B9-CF70-46B0-A8B1-400AD17106CB}.Release|ARM.ActiveCfg = Release|ARM
		{90F571B9-CF70-46B0-A8B1-400AD17106CB}.Release|ARM.Build.0 = Release|ARM
		{90F571B9-CF70-46B0-A8B1-400AD17106CB}.Release|ARM.Deploy.0 = Release|ARM
		{90F571B9-CF70-46B0-A8B1-400AD17106CB}.Release|iPhone.ActiveCfg = Release|x86
		{90F571B9-CF70-46B0-A8B1-400AD17106CB}.Release|iPhoneSimulator.ActiveCfg = Release|x86
		{90F571B9-CF70-46B0-A8B1-400AD17106CB}.Release|x64.ActiveCfg = Release|x64
		{90F571B9-CF70-46B0-A8B1-400AD17106CB}.Release|x64.Build.0 = Release|x64
		{90F571B9-CF70-46B0-A8B1-400AD17106CB}.Release|x64.Deploy.0 = Release|x64
		{90F571B9-CF70-46B0-A8B1-400AD17106CB}.Release|x86.ActiveCfg = Release|x86
		{90F571B9-CF70-46B0-A8B1-400AD17106CB}.Release|x86.Build.0 = Release|x86
		{90F571B9-CF70-46B0-A8B1-400AD17106CB}.Release|x86.Deploy.0 = Release|x86
		{2C16852E-6FAD-42D6-B80F-9F0CC643B708}.Debug|Any CPU.ActiveCfg = Debug|Any CPU
		{2C16852E-6FAD-42D6-B80F-9F0CC643B708}.Debug|Any CPU.Build.0 = Debug|Any CPU
		{2C16852E-6FAD-42D6-B80F-9F0CC643B708}.Debug|Any CPU.Deploy.0 = Debug|Any CPU
		{2C16852E-6FAD-42D6-B80F-9F0CC643B708}.Debug|ARM.ActiveCfg = Debug|Any CPU
		{2C16852E-6FAD-42D6-B80F-9F0CC643B708}.Debug|ARM.Build.0 = Debug|Any CPU
		{2C16852E-6FAD-42D6-B80F-9F0CC643B708}.Debug|ARM.Deploy.0 = Debug|Any CPU
		{2C16852E-6FAD-42D6-B80F-9F0CC643B708}.Debug|iPhone.ActiveCfg = Debug|Any CPU
		{2C16852E-6FAD-42D6-B80F-9F0CC643B708}.Debug|iPhone.Build.0 = Debug|Any CPU
		{2C16852E-6FAD-42D6-B80F-9F0CC643B708}.Debug|iPhone.Deploy.0 = Debug|Any CPU
		{2C16852E-6FAD-42D6-B80F-9F0CC643B708}.Debug|iPhoneSimulator.ActiveCfg = Debug|Any CPU
		{2C16852E-6FAD-42D6-B80F-9F0CC643B708}.Debug|iPhoneSimulator.Build.0 = Debug|Any CPU
		{2C16852E-6FAD-42D6-B80F-9F0CC643B708}.Debug|iPhoneSimulator.Deploy.0 = Debug|Any CPU
		{2C16852E-6FAD-42D6-B80F-9F0CC643B708}.Debug|x64.ActiveCfg = Debug|Any CPU
		{2C16852E-6FAD-42D6-B80F-9F0CC643B708}.Debug|x64.Build.0 = Debug|Any CPU
		{2C16852E-6FAD-42D6-B80F-9F0CC643B708}.Debug|x64.Deploy.0 = Debug|Any CPU
		{2C16852E-6FAD-42D6-B80F-9F0CC643B708}.Debug|x86.ActiveCfg = Debug|Any CPU
		{2C16852E-6FAD-42D6-B80F-9F0CC643B708}.Debug|x86.Build.0 = Debug|Any CPU
		{2C16852E-6FAD-42D6-B80F-9F0CC643B708}.Debug|x86.Deploy.0 = Debug|Any CPU
		{2C16852E-6FAD-42D6-B80F-9F0CC643B708}.Release|Any CPU.ActiveCfg = Release|Any CPU
		{2C16852E-6FAD-42D6-B80F-9F0CC643B708}.Release|Any CPU.Build.0 = Release|Any CPU
		{2C16852E-6FAD-42D6-B80F-9F0CC643B708}.Release|Any CPU.Deploy.0 = Release|Any CPU
		{2C16852E-6FAD-42D6-B80F-9F0CC643B708}.Release|ARM.ActiveCfg = Release|Any CPU
		{2C16852E-6FAD-42D6-B80F-9F0CC643B708}.Release|ARM.Build.0 = Release|Any CPU
		{2C16852E-6FAD-42D6-B80F-9F0CC643B708}.Release|ARM.Deploy.0 = Release|Any CPU
		{2C16852E-6FAD-42D6-B80F-9F0CC643B708}.Release|iPhone.ActiveCfg = Release|Any CPU
		{2C16852E-6FAD-42D6-B80F-9F0CC643B708}.Release|iPhone.Build.0 = Release|Any CPU
		{2C16852E-6FAD-42D6-B80F-9F0CC643B708}.Release|iPhone.Deploy.0 = Release|Any CPU
		{2C16852E-6FAD-42D6-B80F-9F0CC643B708}.Release|iPhoneSimulator.ActiveCfg = Release|Any CPU
		{2C16852E-6FAD-42D6-B80F-9F0CC643B708}.Release|iPhoneSimulator.Build.0 = Release|Any CPU
		{2C16852E-6FAD-42D6-B80F-9F0CC643B708}.Release|iPhoneSimulator.Deploy.0 = Release|Any CPU
		{2C16852E-6FAD-42D6-B80F-9F0CC643B708}.Release|x64.ActiveCfg = Release|Any CPU
		{2C16852E-6FAD-42D6-B80F-9F0CC643B708}.Release|x64.Build.0 = Release|Any CPU
		{2C16852E-6FAD-42D6-B80F-9F0CC643B708}.Release|x64.Deploy.0 = Release|Any CPU
		{2C16852E-6FAD-42D6-B80F-9F0CC643B708}.Release|x86.ActiveCfg = Release|Any CPU
		{2C16852E-6FAD-42D6-B80F-9F0CC643B708}.Release|x86.Build.0 = Release|Any CPU
		{2C16852E-6FAD-42D6-B80F-9F0CC643B708}.Release|x86.Deploy.0 = Release|Any CPU
		{973ABC97-A628-4980-BC0E-9CFB24AEA6F1}.Debug|Any CPU.ActiveCfg = Debug|iPhone
		{973ABC97-A628-4980-BC0E-9CFB24AEA6F1}.Debug|ARM.ActiveCfg = Debug|iPhone
		{973ABC97-A628-4980-BC0E-9CFB24AEA6F1}.Debug|iPhone.ActiveCfg = Debug|iPhone
		{973ABC97-A628-4980-BC0E-9CFB24AEA6F1}.Debug|iPhone.Build.0 = Debug|iPhone
		{973ABC97-A628-4980-BC0E-9CFB24AEA6F1}.Debug|iPhoneSimulator.ActiveCfg = Debug|iPhoneSimulator
		{973ABC97-A628-4980-BC0E-9CFB24AEA6F1}.Debug|iPhoneSimulator.Build.0 = Debug|iPhoneSimulator
		{973ABC97-A628-4980-BC0E-9CFB24AEA6F1}.Debug|x64.ActiveCfg = Debug|iPhone
		{973ABC97-A628-4980-BC0E-9CFB24AEA6F1}.Debug|x86.ActiveCfg = Debug|iPhone
		{973ABC97-A628-4980-BC0E-9CFB24AEA6F1}.Release|Any CPU.ActiveCfg = Release|iPhone
		{973ABC97-A628-4980-BC0E-9CFB24AEA6F1}.Release|ARM.ActiveCfg = Release|iPhone
		{973ABC97-A628-4980-BC0E-9CFB24AEA6F1}.Release|iPhone.ActiveCfg = Release|iPhone
		{973ABC97-A628-4980-BC0E-9CFB24AEA6F1}.Release|iPhone.Build.0 = Release|iPhone
		{973ABC97-A628-4980-BC0E-9CFB24AEA6F1}.Release|iPhoneSimulator.ActiveCfg = Release|iPhoneSimulator
		{973ABC97-A628-4980-BC0E-9CFB24AEA6F1}.Release|iPhoneSimulator.Build.0 = Release|iPhoneSimulator
		{973ABC97-A628-4980-BC0E-9CFB24AEA6F1}.Release|x64.ActiveCfg = Release|iPhone
		{973ABC97-A628-4980-BC0E-9CFB24AEA6F1}.Release|x86.ActiveCfg = Release|iPhone
		{9E43811D-8BCE-4C5A-9F0B-DB9829BE386C}.Debug|Any CPU.ActiveCfg = Debug|Any CPU
		{9E43811D-8BCE-4C5A-9F0B-DB9829BE386C}.Debug|Any CPU.Build.0 = Debug|Any CPU
		{9E43811D-8BCE-4C5A-9F0B-DB9829BE386C}.Debug|ARM.ActiveCfg = Debug|Any CPU
		{9E43811D-8BCE-4C5A-9F0B-DB9829BE386C}.Debug|ARM.Build.0 = Debug|Any CPU
		{9E43811D-8BCE-4C5A-9F0B-DB9829BE386C}.Debug|iPhone.ActiveCfg = Debug|Any CPU
		{9E43811D-8BCE-4C5A-9F0B-DB9829BE386C}.Debug|iPhone.Build.0 = Debug|Any CPU
		{9E43811D-8BCE-4C5A-9F0B-DB9829BE386C}.Debug|iPhoneSimulator.ActiveCfg = Debug|Any CPU
		{9E43811D-8BCE-4C5A-9F0B-DB9829BE386C}.Debug|iPhoneSimulator.Build.0 = Debug|Any CPU
		{9E43811D-8BCE-4C5A-9F0B-DB9829BE386C}.Debug|x64.ActiveCfg = Debug|Any CPU
		{9E43811D-8BCE-4C5A-9F0B-DB9829BE386C}.Debug|x64.Build.0 = Debug|Any CPU
		{9E43811D-8BCE-4C5A-9F0B-DB9829BE386C}.Debug|x86.ActiveCfg = Debug|Any CPU
		{9E43811D-8BCE-4C5A-9F0B-DB9829BE386C}.Debug|x86.Build.0 = Debug|Any CPU
		{9E43811D-8BCE-4C5A-9F0B-DB9829BE386C}.Release|Any CPU.ActiveCfg = Release|Any CPU
		{9E43811D-8BCE-4C5A-9F0B-DB9829BE386C}.Release|Any CPU.Build.0 = Release|Any CPU
		{9E43811D-8BCE-4C5A-9F0B-DB9829BE386C}.Release|ARM.ActiveCfg = Release|Any CPU
		{9E43811D-8BCE-4C5A-9F0B-DB9829BE386C}.Release|ARM.Build.0 = Release|Any CPU
		{9E43811D-8BCE-4C5A-9F0B-DB9829BE386C}.Release|iPhone.ActiveCfg = Release|Any CPU
		{9E43811D-8BCE-4C5A-9F0B-DB9829BE386C}.Release|iPhone.Build.0 = Release|Any CPU
		{9E43811D-8BCE-4C5A-9F0B-DB9829BE386C}.Release|iPhoneSimulator.ActiveCfg = Release|Any CPU
		{9E43811D-8BCE-4C5A-9F0B-DB9829BE386C}.Release|iPhoneSimulator.Build.0 = Release|Any CPU
		{9E43811D-8BCE-4C5A-9F0B-DB9829BE386C}.Release|x64.ActiveCfg = Release|Any CPU
		{9E43811D-8BCE-4C5A-9F0B-DB9829BE386C}.Release|x64.Build.0 = Release|Any CPU
		{9E43811D-8BCE-4C5A-9F0B-DB9829BE386C}.Release|x86.ActiveCfg = Release|Any CPU
		{9E43811D-8BCE-4C5A-9F0B-DB9829BE386C}.Release|x86.Build.0 = Release|Any CPU
		{8909A7C9-4ECC-4B00-9232-568B81292079}.Debug|Any CPU.ActiveCfg = Debug|Any CPU
		{8909A7C9-4ECC-4B00-9232-568B81292079}.Debug|Any CPU.Build.0 = Debug|Any CPU
		{8909A7C9-4ECC-4B00-9232-568B81292079}.Debug|ARM.ActiveCfg = Debug|Any CPU
		{8909A7C9-4ECC-4B00-9232-568B81292079}.Debug|ARM.Build.0 = Debug|Any CPU
		{8909A7C9-4ECC-4B00-9232-568B81292079}.Debug|iPhone.ActiveCfg = Debug|Any CPU
		{8909A7C9-4ECC-4B00-9232-568B81292079}.Debug|iPhone.Build.0 = Debug|Any CPU
		{8909A7C9-4ECC-4B00-9232-568B81292079}.Debug|iPhoneSimulator.ActiveCfg = Debug|Any CPU
		{8909A7C9-4ECC-4B00-9232-568B81292079}.Debug|iPhoneSimulator.Build.0 = Debug|Any CPU
		{8909A7C9-4ECC-4B00-9232-568B81292079}.Debug|x64.ActiveCfg = Debug|Any CPU
		{8909A7C9-4ECC-4B00-9232-568B81292079}.Debug|x64.Build.0 = Debug|Any CPU
		{8909A7C9-4ECC-4B00-9232-568B81292079}.Debug|x86.ActiveCfg = Debug|Any CPU
		{8909A7C9-4ECC-4B00-9232-568B81292079}.Debug|x86.Build.0 = Debug|Any CPU
		{8909A7C9-4ECC-4B00-9232-568B81292079}.Release|Any CPU.ActiveCfg = Release|Any CPU
		{8909A7C9-4ECC-4B00-9232-568B81292079}.Release|Any CPU.Build.0 = Release|Any CPU
		{8909A7C9-4ECC-4B00-9232-568B81292079}.Release|ARM.ActiveCfg = Release|Any CPU
		{8909A7C9-4ECC-4B00-9232-568B81292079}.Release|ARM.Build.0 = Release|Any CPU
		{8909A7C9-4ECC-4B00-9232-568B81292079}.Release|iPhone.ActiveCfg = Release|Any CPU
		{8909A7C9-4ECC-4B00-9232-568B81292079}.Release|iPhone.Build.0 = Release|Any CPU
		{8909A7C9-4ECC-4B00-9232-568B81292079}.Release|iPhoneSimulator.ActiveCfg = Release|Any CPU
		{8909A7C9-4ECC-4B00-9232-568B81292079}.Release|iPhoneSimulator.Build.0 = Release|Any CPU
		{8909A7C9-4ECC-4B00-9232-568B81292079}.Release|x64.ActiveCfg = Release|Any CPU
		{8909A7C9-4ECC-4B00-9232-568B81292079}.Release|x64.Build.0 = Release|Any CPU
		{8909A7C9-4ECC-4B00-9232-568B81292079}.Release|x86.ActiveCfg = Release|Any CPU
		{8909A7C9-4ECC-4B00-9232-568B81292079}.Release|x86.Build.0 = Release|Any CPU
		{35EEFC6E-6AC8-421D-AB82-3B61FF9E58A6}.Debug|Any CPU.ActiveCfg = Debug|Any CPU
		{35EEFC6E-6AC8-421D-AB82-3B61FF9E58A6}.Debug|Any CPU.Build.0 = Debug|Any CPU
		{35EEFC6E-6AC8-421D-AB82-3B61FF9E58A6}.Debug|ARM.ActiveCfg = Debug|Any CPU
		{35EEFC6E-6AC8-421D-AB82-3B61FF9E58A6}.Debug|ARM.Build.0 = Debug|Any CPU
		{35EEFC6E-6AC8-421D-AB82-3B61FF9E58A6}.Debug|iPhone.ActiveCfg = Debug|Any CPU
		{35EEFC6E-6AC8-421D-AB82-3B61FF9E58A6}.Debug|iPhone.Build.0 = Debug|Any CPU
		{35EEFC6E-6AC8-421D-AB82-3B61FF9E58A6}.Debug|iPhoneSimulator.ActiveCfg = Debug|Any CPU
		{35EEFC6E-6AC8-421D-AB82-3B61FF9E58A6}.Debug|iPhoneSimulator.Build.0 = Debug|Any CPU
		{35EEFC6E-6AC8-421D-AB82-3B61FF9E58A6}.Debug|x64.ActiveCfg = Debug|Any CPU
		{35EEFC6E-6AC8-421D-AB82-3B61FF9E58A6}.Debug|x64.Build.0 = Debug|Any CPU
		{35EEFC6E-6AC8-421D-AB82-3B61FF9E58A6}.Debug|x86.ActiveCfg = Debug|Any CPU
		{35EEFC6E-6AC8-421D-AB82-3B61FF9E58A6}.Debug|x86.Build.0 = Debug|Any CPU
		{35EEFC6E-6AC8-421D-AB82-3B61FF9E58A6}.Release|Any CPU.ActiveCfg = Release|Any CPU
		{35EEFC6E-6AC8-421D-AB82-3B61FF9E58A6}.Release|Any CPU.Build.0 = Release|Any CPU
		{35EEFC6E-6AC8-421D-AB82-3B61FF9E58A6}.Release|ARM.ActiveCfg = Release|Any CPU
		{35EEFC6E-6AC8-421D-AB82-3B61FF9E58A6}.Release|ARM.Build.0 = Release|Any CPU
		{35EEFC6E-6AC8-421D-AB82-3B61FF9E58A6}.Release|iPhone.ActiveCfg = Release|Any CPU
		{35EEFC6E-6AC8-421D-AB82-3B61FF9E58A6}.Release|iPhone.Build.0 = Release|Any CPU
		{35EEFC6E-6AC8-421D-AB82-3B61FF9E58A6}.Release|iPhoneSimulator.ActiveCfg = Release|Any CPU
		{35EEFC6E-6AC8-421D-AB82-3B61FF9E58A6}.Release|iPhoneSimulator.Build.0 = Release|Any CPU
		{35EEFC6E-6AC8-421D-AB82-3B61FF9E58A6}.Release|x64.ActiveCfg = Release|Any CPU
		{35EEFC6E-6AC8-421D-AB82-3B61FF9E58A6}.Release|x64.Build.0 = Release|Any CPU
		{35EEFC6E-6AC8-421D-AB82-3B61FF9E58A6}.Release|x86.ActiveCfg = Release|Any CPU
		{35EEFC6E-6AC8-421D-AB82-3B61FF9E58A6}.Release|x86.Build.0 = Release|Any CPU
		{E7AAD890-14BF-490E-8538-AAEBAC68FAD8}.Debug|Any CPU.ActiveCfg = Debug|Any CPU
		{E7AAD890-14BF-490E-8538-AAEBAC68FAD8}.Debug|Any CPU.Build.0 = Debug|Any CPU
		{E7AAD890-14BF-490E-8538-AAEBAC68FAD8}.Debug|ARM.ActiveCfg = Debug|Any CPU
		{E7AAD890-14BF-490E-8538-AAEBAC68FAD8}.Debug|ARM.Build.0 = Debug|Any CPU
		{E7AAD890-14BF-490E-8538-AAEBAC68FAD8}.Debug|iPhone.ActiveCfg = Debug|Any CPU
		{E7AAD890-14BF-490E-8538-AAEBAC68FAD8}.Debug|iPhone.Build.0 = Debug|Any CPU
		{E7AAD890-14BF-490E-8538-AAEBAC68FAD8}.Debug|iPhoneSimulator.ActiveCfg = Debug|Any CPU
		{E7AAD890-14BF-490E-8538-AAEBAC68FAD8}.Debug|iPhoneSimulator.Build.0 = Debug|Any CPU
		{E7AAD890-14BF-490E-8538-AAEBAC68FAD8}.Debug|x64.ActiveCfg = Debug|Any CPU
		{E7AAD890-14BF-490E-8538-AAEBAC68FAD8}.Debug|x64.Build.0 = Debug|Any CPU
		{E7AAD890-14BF-490E-8538-AAEBAC68FAD8}.Debug|x86.ActiveCfg = Debug|Any CPU
		{E7AAD890-14BF-490E-8538-AAEBAC68FAD8}.Debug|x86.Build.0 = Debug|Any CPU
		{E7AAD890-14BF-490E-8538-AAEBAC68FAD8}.Release|Any CPU.ActiveCfg = Release|Any CPU
		{E7AAD890-14BF-490E-8538-AAEBAC68FAD8}.Release|Any CPU.Build.0 = Release|Any CPU
		{E7AAD890-14BF-490E-8538-AAEBAC68FAD8}.Release|ARM.ActiveCfg = Release|Any CPU
		{E7AAD890-14BF-490E-8538-AAEBAC68FAD8}.Release|ARM.Build.0 = Release|Any CPU
		{E7AAD890-14BF-490E-8538-AAEBAC68FAD8}.Release|iPhone.ActiveCfg = Release|Any CPU
		{E7AAD890-14BF-490E-8538-AAEBAC68FAD8}.Release|iPhone.Build.0 = Release|Any CPU
		{E7AAD890-14BF-490E-8538-AAEBAC68FAD8}.Release|iPhoneSimulator.ActiveCfg = Release|Any CPU
		{E7AAD890-14BF-490E-8538-AAEBAC68FAD8}.Release|iPhoneSimulator.Build.0 = Release|Any CPU
		{E7AAD890-14BF-490E-8538-AAEBAC68FAD8}.Release|x64.ActiveCfg = Release|Any CPU
		{E7AAD890-14BF-490E-8538-AAEBAC68FAD8}.Release|x64.Build.0 = Release|Any CPU
		{E7AAD890-14BF-490E-8538-AAEBAC68FAD8}.Release|x86.ActiveCfg = Release|Any CPU
		{E7AAD890-14BF-490E-8538-AAEBAC68FAD8}.Release|x86.Build.0 = Release|Any CPU
		{4397DFBF-B495-44BD-BC3A-052A682052ED}.Debug|Any CPU.ActiveCfg = Debug|Any CPU
		{4397DFBF-B495-44BD-BC3A-052A682052ED}.Debug|Any CPU.Build.0 = Debug|Any CPU
		{4397DFBF-B495-44BD-BC3A-052A682052ED}.Debug|ARM.ActiveCfg = Debug|Any CPU
		{4397DFBF-B495-44BD-BC3A-052A682052ED}.Debug|ARM.Build.0 = Debug|Any CPU
		{4397DFBF-B495-44BD-BC3A-052A682052ED}.Debug|iPhone.ActiveCfg = Debug|Any CPU
		{4397DFBF-B495-44BD-BC3A-052A682052ED}.Debug|iPhone.Build.0 = Debug|Any CPU
		{4397DFBF-B495-44BD-BC3A-052A682052ED}.Debug|iPhoneSimulator.ActiveCfg = Debug|Any CPU
		{4397DFBF-B495-44BD-BC3A-052A682052ED}.Debug|iPhoneSimulator.Build.0 = Debug|Any CPU
		{4397DFBF-B495-44BD-BC3A-052A682052ED}.Debug|x64.ActiveCfg = Debug|Any CPU
		{4397DFBF-B495-44BD-BC3A-052A682052ED}.Debug|x64.Build.0 = Debug|Any CPU
		{4397DFBF-B495-44BD-BC3A-052A682052ED}.Debug|x86.ActiveCfg = Debug|Any CPU
		{4397DFBF-B495-44BD-BC3A-052A682052ED}.Debug|x86.Build.0 = Debug|Any CPU
		{4397DFBF-B495-44BD-BC3A-052A682052ED}.Release|Any CPU.ActiveCfg = Release|Any CPU
		{4397DFBF-B495-44BD-BC3A-052A682052ED}.Release|Any CPU.Build.0 = Release|Any CPU
		{4397DFBF-B495-44BD-BC3A-052A682052ED}.Release|ARM.ActiveCfg = Release|Any CPU
		{4397DFBF-B495-44BD-BC3A-052A682052ED}.Release|ARM.Build.0 = Release|Any CPU
		{4397DFBF-B495-44BD-BC3A-052A682052ED}.Release|iPhone.ActiveCfg = Release|Any CPU
		{4397DFBF-B495-44BD-BC3A-052A682052ED}.Release|iPhone.Build.0 = Release|Any CPU
		{4397DFBF-B495-44BD-BC3A-052A682052ED}.Release|iPhoneSimulator.ActiveCfg = Release|Any CPU
		{4397DFBF-B495-44BD-BC3A-052A682052ED}.Release|iPhoneSimulator.Build.0 = Release|Any CPU
		{4397DFBF-B495-44BD-BC3A-052A682052ED}.Release|x64.ActiveCfg = Release|Any CPU
		{4397DFBF-B495-44BD-BC3A-052A682052ED}.Release|x64.Build.0 = Release|Any CPU
		{4397DFBF-B495-44BD-BC3A-052A682052ED}.Release|x86.ActiveCfg = Release|Any CPU
		{4397DFBF-B495-44BD-BC3A-052A682052ED}.Release|x86.Build.0 = Release|Any CPU
		{D26D9A6F-851F-49B4-9B6D-0F491967FB6D}.Debug|Any CPU.ActiveCfg = Debug|Any CPU
		{D26D9A6F-851F-49B4-9B6D-0F491967FB6D}.Debug|Any CPU.Build.0 = Debug|Any CPU
		{D26D9A6F-851F-49B4-9B6D-0F491967FB6D}.Debug|ARM.ActiveCfg = Debug|Any CPU
		{D26D9A6F-851F-49B4-9B6D-0F491967FB6D}.Debug|ARM.Build.0 = Debug|Any CPU
		{D26D9A6F-851F-49B4-9B6D-0F491967FB6D}.Debug|iPhone.ActiveCfg = Debug|Any CPU
		{D26D9A6F-851F-49B4-9B6D-0F491967FB6D}.Debug|iPhone.Build.0 = Debug|Any CPU
		{D26D9A6F-851F-49B4-9B6D-0F491967FB6D}.Debug|iPhoneSimulator.ActiveCfg = Debug|Any CPU
		{D26D9A6F-851F-49B4-9B6D-0F491967FB6D}.Debug|iPhoneSimulator.Build.0 = Debug|Any CPU
		{D26D9A6F-851F-49B4-9B6D-0F491967FB6D}.Debug|x64.ActiveCfg = Debug|Any CPU
		{D26D9A6F-851F-49B4-9B6D-0F491967FB6D}.Debug|x64.Build.0 = Debug|Any CPU
		{D26D9A6F-851F-49B4-9B6D-0F491967FB6D}.Debug|x86.ActiveCfg = Debug|Any CPU
		{D26D9A6F-851F-49B4-9B6D-0F491967FB6D}.Debug|x86.Build.0 = Debug|Any CPU
		{D26D9A6F-851F-49B4-9B6D-0F491967FB6D}.Release|Any CPU.ActiveCfg = Release|Any CPU
		{D26D9A6F-851F-49B4-9B6D-0F491967FB6D}.Release|Any CPU.Build.0 = Release|Any CPU
		{D26D9A6F-851F-49B4-9B6D-0F491967FB6D}.Release|ARM.ActiveCfg = Release|Any CPU
		{D26D9A6F-851F-49B4-9B6D-0F491967FB6D}.Release|ARM.Build.0 = Release|Any CPU
		{D26D9A6F-851F-49B4-9B6D-0F491967FB6D}.Release|iPhone.ActiveCfg = Release|Any CPU
		{D26D9A6F-851F-49B4-9B6D-0F491967FB6D}.Release|iPhone.Build.0 = Release|Any CPU
		{D26D9A6F-851F-49B4-9B6D-0F491967FB6D}.Release|iPhoneSimulator.ActiveCfg = Release|Any CPU
		{D26D9A6F-851F-49B4-9B6D-0F491967FB6D}.Release|iPhoneSimulator.Build.0 = Release|Any CPU
		{D26D9A6F-851F-49B4-9B6D-0F491967FB6D}.Release|x64.ActiveCfg = Release|Any CPU
		{D26D9A6F-851F-49B4-9B6D-0F491967FB6D}.Release|x64.Build.0 = Release|Any CPU
		{D26D9A6F-851F-49B4-9B6D-0F491967FB6D}.Release|x86.ActiveCfg = Release|Any CPU
		{D26D9A6F-851F-49B4-9B6D-0F491967FB6D}.Release|x86.Build.0 = Release|Any CPU
		{F66E2D9C-5627-425F-AB7E-64D399AECBD6}.Debug|Any CPU.ActiveCfg = Debug|Any CPU
		{F66E2D9C-5627-425F-AB7E-64D399AECBD6}.Debug|Any CPU.Build.0 = Debug|Any CPU
		{F66E2D9C-5627-425F-AB7E-64D399AECBD6}.Debug|ARM.ActiveCfg = Debug|Any CPU
		{F66E2D9C-5627-425F-AB7E-64D399AECBD6}.Debug|ARM.Build.0 = Debug|Any CPU
		{F66E2D9C-5627-425F-AB7E-64D399AECBD6}.Debug|iPhone.ActiveCfg = Debug|Any CPU
		{F66E2D9C-5627-425F-AB7E-64D399AECBD6}.Debug|iPhone.Build.0 = Debug|Any CPU
		{F66E2D9C-5627-425F-AB7E-64D399AECBD6}.Debug|iPhoneSimulator.ActiveCfg = Debug|Any CPU
		{F66E2D9C-5627-425F-AB7E-64D399AECBD6}.Debug|iPhoneSimulator.Build.0 = Debug|Any CPU
		{F66E2D9C-5627-425F-AB7E-64D399AECBD6}.Debug|x64.ActiveCfg = Debug|Any CPU
		{F66E2D9C-5627-425F-AB7E-64D399AECBD6}.Debug|x64.Build.0 = Debug|Any CPU
		{F66E2D9C-5627-425F-AB7E-64D399AECBD6}.Debug|x86.ActiveCfg = Debug|Any CPU
		{F66E2D9C-5627-425F-AB7E-64D399AECBD6}.Debug|x86.Build.0 = Debug|Any CPU
		{F66E2D9C-5627-425F-AB7E-64D399AECBD6}.Release|Any CPU.ActiveCfg = Release|Any CPU
		{F66E2D9C-5627-425F-AB7E-64D399AECBD6}.Release|Any CPU.Build.0 = Release|Any CPU
		{F66E2D9C-5627-425F-AB7E-64D399AECBD6}.Release|ARM.ActiveCfg = Release|Any CPU
		{F66E2D9C-5627-425F-AB7E-64D399AECBD6}.Release|ARM.Build.0 = Release|Any CPU
		{F66E2D9C-5627-425F-AB7E-64D399AECBD6}.Release|iPhone.ActiveCfg = Release|Any CPU
		{F66E2D9C-5627-425F-AB7E-64D399AECBD6}.Release|iPhone.Build.0 = Release|Any CPU
		{F66E2D9C-5627-425F-AB7E-64D399AECBD6}.Release|iPhoneSimulator.ActiveCfg = Release|Any CPU
		{F66E2D9C-5627-425F-AB7E-64D399AECBD6}.Release|iPhoneSimulator.Build.0 = Release|Any CPU
		{F66E2D9C-5627-425F-AB7E-64D399AECBD6}.Release|x64.ActiveCfg = Release|Any CPU
		{F66E2D9C-5627-425F-AB7E-64D399AECBD6}.Release|x64.Build.0 = Release|Any CPU
		{F66E2D9C-5627-425F-AB7E-64D399AECBD6}.Release|x86.ActiveCfg = Release|Any CPU
		{F66E2D9C-5627-425F-AB7E-64D399AECBD6}.Release|x86.Build.0 = Release|Any CPU
		{F58A6E5E-BC9A-4D28-BCCC-2A1681CE81F2}.Debug|Any CPU.ActiveCfg = Debug|Any CPU
		{F58A6E5E-BC9A-4D28-BCCC-2A1681CE81F2}.Debug|Any CPU.Build.0 = Debug|Any CPU
		{F58A6E5E-BC9A-4D28-BCCC-2A1681CE81F2}.Debug|ARM.ActiveCfg = Debug|Any CPU
		{F58A6E5E-BC9A-4D28-BCCC-2A1681CE81F2}.Debug|ARM.Build.0 = Debug|Any CPU
		{F58A6E5E-BC9A-4D28-BCCC-2A1681CE81F2}.Debug|iPhone.ActiveCfg = Debug|Any CPU
		{F58A6E5E-BC9A-4D28-BCCC-2A1681CE81F2}.Debug|iPhone.Build.0 = Debug|Any CPU
		{F58A6E5E-BC9A-4D28-BCCC-2A1681CE81F2}.Debug|iPhoneSimulator.ActiveCfg = Debug|Any CPU
		{F58A6E5E-BC9A-4D28-BCCC-2A1681CE81F2}.Debug|iPhoneSimulator.Build.0 = Debug|Any CPU
		{F58A6E5E-BC9A-4D28-BCCC-2A1681CE81F2}.Debug|x64.ActiveCfg = Debug|Any CPU
		{F58A6E5E-BC9A-4D28-BCCC-2A1681CE81F2}.Debug|x64.Build.0 = Debug|Any CPU
		{F58A6E5E-BC9A-4D28-BCCC-2A1681CE81F2}.Debug|x86.ActiveCfg = Debug|Any CPU
		{F58A6E5E-BC9A-4D28-BCCC-2A1681CE81F2}.Debug|x86.Build.0 = Debug|Any CPU
		{F58A6E5E-BC9A-4D28-BCCC-2A1681CE81F2}.Release|Any CPU.ActiveCfg = Release|Any CPU
		{F58A6E5E-BC9A-4D28-BCCC-2A1681CE81F2}.Release|Any CPU.Build.0 = Release|Any CPU
		{F58A6E5E-BC9A-4D28-BCCC-2A1681CE81F2}.Release|ARM.ActiveCfg = Release|Any CPU
		{F58A6E5E-BC9A-4D28-BCCC-2A1681CE81F2}.Release|ARM.Build.0 = Release|Any CPU
		{F58A6E5E-BC9A-4D28-BCCC-2A1681CE81F2}.Release|iPhone.ActiveCfg = Release|Any CPU
		{F58A6E5E-BC9A-4D28-BCCC-2A1681CE81F2}.Release|iPhone.Build.0 = Release|Any CPU
		{F58A6E5E-BC9A-4D28-BCCC-2A1681CE81F2}.Release|iPhoneSimulator.ActiveCfg = Release|Any CPU
		{F58A6E5E-BC9A-4D28-BCCC-2A1681CE81F2}.Release|iPhoneSimulator.Build.0 = Release|Any CPU
		{F58A6E5E-BC9A-4D28-BCCC-2A1681CE81F2}.Release|x64.ActiveCfg = Release|Any CPU
		{F58A6E5E-BC9A-4D28-BCCC-2A1681CE81F2}.Release|x64.Build.0 = Release|Any CPU
		{F58A6E5E-BC9A-4D28-BCCC-2A1681CE81F2}.Release|x86.ActiveCfg = Release|Any CPU
		{F58A6E5E-BC9A-4D28-BCCC-2A1681CE81F2}.Release|x86.Build.0 = Release|Any CPU
	EndGlobalSection
	GlobalSection(SolutionProperties) = preSolution
		HideSolutionNode = FALSE
	EndGlobalSection
	GlobalSection(NestedProjects) = preSolution
		{90F571B9-CF70-46B0-A8B1-400AD17106CB} = {291647BB-1A71-4C52-915D-AC69A2746A64}
		{2C16852E-6FAD-42D6-B80F-9F0CC643B708} = {291647BB-1A71-4C52-915D-AC69A2746A64}
		{973ABC97-A628-4980-BC0E-9CFB24AEA6F1} = {291647BB-1A71-4C52-915D-AC69A2746A64}
		{9E43811D-8BCE-4C5A-9F0B-DB9829BE386C} = {156035A8-71BF-40AD-B624-3864608A6B25}
		{8909A7C9-4ECC-4B00-9232-568B81292079} = {291647BB-1A71-4C52-915D-AC69A2746A64}
		{35EEFC6E-6AC8-421D-AB82-3B61FF9E58A6} = {156035A8-71BF-40AD-B624-3864608A6B25}
		{4397DFBF-B495-44BD-BC3A-052A682052ED} = {156035A8-71BF-40AD-B624-3864608A6B25}
		{D26D9A6F-851F-49B4-9B6D-0F491967FB6D} = {156035A8-71BF-40AD-B624-3864608A6B25}
		{F66E2D9C-5627-425F-AB7E-64D399AECBD6} = {156035A8-71BF-40AD-B624-3864608A6B25}
		{F58A6E5E-BC9A-4D28-BCCC-2A1681CE81F2} = {156035A8-71BF-40AD-B624-3864608A6B25}
	EndGlobalSection
	GlobalSection(ExtensibilityGlobals) = postSolution
		SolutionGuid = {569024AD-D298-48D0-A99E-436BE880520E}
	EndGlobalSection
EndGlobal
